
Microsoft Visual Studio Solution File, Format Version 12.00
# Visual Studio Version 16
VisualStudioVersion = 16.0.31129.286
MinimumVisualStudioVersion = 10.0.40219.1
Project("{9A19103F-16F7-4668-BE54-9A1E7A4F7556}") = "Oceans.Exercise", "Oceans.Exercise\Oceans.Exercise.csproj", "{E27E58BD-1C57-4682-8239-FFA287BA44EA}"
EndProject
Project("{9A19103F-16F7-4668-BE54-9A1E7A4F7556}") = "Oceans.Test", "Oceans.Test\Oceans.Test.csproj", "{8C2A5C86-271C-4E59-A38E-A83479EF1E1D}"
EndProject
Project("{9A19103F-16F7-4668-BE54-9A1E7A4F7556}") = "Oceans.WebApplication", "Oceans.WebApplication\Oceans.WebApplication.csproj", "{627E2C23-B026-4FF2-B165-A249D70C4AAE}"
EndProject
Global
	GlobalSection(SolutionConfigurationPlatforms) = preSolution
		Debug|Any CPU = Debug|Any CPU
		Release|Any CPU = Release|Any CPU
	EndGlobalSection
	GlobalSection(ProjectConfigurationPlatforms) = postSolution
		{E27E58BD-1C57-4682-8239-FFA287BA44EA}.Debug|Any CPU.ActiveCfg = Debug|Any CPU
		{E27E58BD-1C57-4682-8239-FFA287BA44EA}.Debug|Any CPU.Build.0 = Debug|Any CPU
		{E27E58BD-1C57-4682-8239-FFA287BA44EA}.Release|Any CPU.ActiveCfg = Release|Any CPU
		{E27E58BD-1C57-4682-8239-FFA287BA44EA}.Release|Any CPU.Build.0 = Release|Any CPU
		{8C2A5C86-271C-4E59-A38E-A83479EF1E1D}.Debug|Any CPU.ActiveCfg = Debug|Any CPU
		{8C2A5C86-271C-4E59-A38E-A83479EF1E1D}.Debug|Any CPU.Build.0 = Debug|Any CPU
		{8C2A5C86-271C-4E59-A38E-A83479EF1E1D}.Release|Any CPU.ActiveCfg = Release|Any CPU
		{8C2A5C86-271C-4E59-A38E-A83479EF1E1D}.Release|Any CPU.Build.0 = Release|Any CPU
		{627E2C23-B026-4FF2-B165-A249D70C4AAE}.Debug|Any CPU.ActiveCfg = Debug|Any CPU
		{627E2C23-B026-4FF2-B165-A249D70C4AAE}.Debug|Any CPU.Build.0 = Debug|Any CPU
		{627E2C23-B026-4FF2-B165-A249D70C4AAE}.Release|Any CPU.ActiveCfg = Release|Any CPU
		{627E2C23-B026-4FF2-B165-A249D70C4AAE}.Release|Any CPU.Build.0 = Release|Any CPU
	EndGlobalSection
	GlobalSection(SolutionProperties) = preSolution
		HideSolutionNode = FALSE
	EndGlobalSection
	GlobalSection(ExtensibilityGlobals) = postSolution
		SolutionGuid = {74D51D2D-1758-4F03-9704-BDC940DB0FCE}
	EndGlobalSection
EndGlobal
